
Microsoft Visual Studio Solution File, Format Version 12.00
# Visual Studio Version 16
VisualStudioVersion = 16.0.31112.23
MinimumVisualStudioVersion = 10.0.40219.1
Project("{9A19103F-16F7-4668-BE54-9A1E7A4F7556}") = "DotNetAcmeClient", "DotNetAcmeClient\DotNetAcmeClient.csproj", "{1BFA5E94-3DED-4DB1-90BA-969F509AD4CE}"
EndProject
Project("{FAE04EC0-301F-11D3-BF4B-00C04F79EFBC}") = "DotNetAcmeClient.Logic", "DotNetAcmeClient.Logic\DotNetAcmeClient.Logic.csproj", "{81A28AFE-C83F-470C-B70A-26812F0626F8}"
EndProject
Global
	GlobalSection(SolutionConfigurationPlatforms) = preSolution
		Debug|Any CPU = Debug|Any CPU
		Release|Any CPU = Release|Any CPU
	EndGlobalSection
	GlobalSection(ProjectConfigurationPlatforms) = postSolution
		{1BFA5E94-3DED-4DB1-90BA-969F509AD4CE}.Debug|Any CPU.ActiveCfg = Debug|Any CPU
		{1BFA5E94-3DED-4DB1-90BA-969F509AD4CE}.Debug|Any CPU.Build.0 = Debug|Any CPU
		{1BFA5E94-3DED-4DB1-90BA-969F509AD4CE}.Release|Any CPU.ActiveCfg = Release|Any CPU
		{1BFA5E94-3DED-4DB1-90BA-969F509AD4CE}.Release|Any CPU.Build.0 = Release|Any CPU
		{81A28AFE-C83F-470C-B70A-26812F0626F8}.Debug|Any CPU.ActiveCfg = Debug|Any CPU
		{81A28AFE-C83F-470C-B70A-26812F0626F8}.Debug|Any CPU.Build.0 = Debug|Any CPU
		{81A28AFE-C83F-470C-B70A-26812F0626F8}.Release|Any CPU.ActiveCfg = Release|Any CPU
		{81A28AFE-C83F-470C-B70A-26812F0626F8}.Release|Any CPU.Build.0 = Release|Any CPU
	EndGlobalSection
	GlobalSection(SolutionProperties) = preSolution
		HideSolutionNode = FALSE
	EndGlobalSection
	GlobalSection(ExtensibilityGlobals) = postSolution
		SolutionGuid = {D03550C8-123B-4E33-AE2D-74E749639FDE}
	EndGlobalSection
EndGlobal
